
Microsoft Visual Studio Solution File, Format Version 12.00
# Visual Studio Version 17
VisualStudioVersion = 17.9.34622.214
MinimumVisualStudioVersion = 10.0.40219.1
Project("{FAE04EC0-301F-11D3-BF4B-00C04F79EFBC}") = "TabandFlyout", "TabandFlyout.csproj", "{F6406AB0-8F05-462E-96A5-B94EE28461FD}"
EndProject
Global
	GlobalSection(SolutionConfigurationPlatforms) = preSolution
		Debug|Any CPU = Debug|Any CPU
		Release|Any CPU = Release|Any CPU
	EndGlobalSection
	GlobalSection(ProjectConfigurationPlatforms) = postSolution
		{F6406AB0-8F05-462E-96A5-B94EE28461FD}.Debug|Any CPU.ActiveCfg = Debug|Any CPU
		{F6406AB0-8F05-462E-96A5-B94EE28461FD}.Debug|Any CPU.Build.0 = Debug|Any CPU
		{F6406AB0-8F05-462E-96A5-B94EE28461FD}.Debug|Any CPU.Deploy.0 = Debug|Any CPU
		{F6406AB0-8F05-462E-96A5-B94EE28461FD}.Release|Any CPU.ActiveCfg = Release|Any CPU
		{F6406AB0-8F05-462E-96A5-B94EE28461FD}.Release|Any CPU.Build.0 = Release|Any CPU
		{F6406AB0-8F05-462E-96A5-B94EE28461FD}.Release|Any CPU.Deploy.0 = Release|Any CPU
	EndGlobalSection
	GlobalSection(SolutionProperties) = preSolution
		HideSolutionNode = FALSE
	EndGlobalSection
	GlobalSection(ExtensibilityGlobals) = postSolution
		SolutionGuid = {811D255B-9211-46B4-B8B2-AD4C55E3EAAC}
	EndGlobalSection
EndGlobal
